# THIS IS AN AUTOGENERATED FILE. DO NOT EDIT THIS FILE DIRECTLY.
# yarn lockfile v1


iced-error@>=0.0.8:
  version "0.0.13"
  resolved "https://registry.yarnpkg.com/iced-error/-/iced-error-0.0.13.tgz#a4a8a4f1461a59c7a2a380b4f745ffd80718f08b"
  integrity sha512-yEEaG8QfyyRL0SsbNNDw3rVgTyqwHFMCuV6jDvD43f/2shmdaFXkqvFLGhDlsYNSolzYHwVLM/CrXt9GygYopA==

iced-runtime@>=0.0.1:
  version "1.0.3"
  resolved "https://registry.yarnpkg.com/iced-runtime/-/iced-runtime-1.0.3.tgz#2d4f4fb999ab7aa5430b193c77a7fce4118319ce"
  integrity sha1-LU9PuZmreqVDCxk8d6f85BGDGc4=

pgp-utils@0.0.34:
  version "0.0.34"
  resolved "https://registry.yarnpkg.com/pgp-utils/-/pgp-utils-0.0.34.tgz#d84f49f7c193b5e0b9415f5cc5c2a695ed790c23"
  integrity sha1-2E9J98GTteC5QV9cxcKmle15DCM=
  dependencies:
    iced-error ">=0.0.8"
    iced-runtime ">=0.0.1"

purepack@^1.0.4:
  version "1.0.5"
  resolved "https://registry.yarnpkg.com/purepack/-/purepack-1.0.5.tgz#6520678a264b5a2823051d059c1205d21f54e81f"
  integrity sha512-Amc1FB7Xyp/qFAHfr6NzrvMgUJ4Qc7dd4TteEBmXtPxxz1iRBUHjMKdgVRqviSIjb3u5yuylWcsijGVbKHfffg==
